
Microsoft Visual Studio Solution File, Format Version 12.00
# Visual Studio Version 16
VisualStudioVersion = 16.0.31402.337
MinimumVisualStudioVersion = 10.0.40219.1
Project("{FAE04EC0-301F-11D3-BF4B-00C04F79EFBC}") = "CodigoDeBarras", "CodigoDeBarras.csproj", "{FCFA5B1D-0805-483C-8D47-5054C22DE019}"
EndProject
Global
	GlobalSection(SolutionConfigurationPlatforms) = preSolution
		Debug|Any CPU = Debug|Any CPU
		Release|Any CPU = Release|Any CPU
	EndGlobalSection
	GlobalSection(ProjectConfigurationPlatforms) = postSolution
		{FCFA5B1D-0805-483C-8D47-5054C22DE019}.Debug|Any CPU.ActiveCfg = Debug|Any CPU
		{FCFA5B1D-0805-483C-8D47-5054C22DE019}.Debug|Any CPU.Build.0 = Debug|Any CPU
		{FCFA5B1D-0805-483C-8D47-5054C22DE019}.Release|Any CPU.ActiveCfg = Release|Any CPU
		{FCFA5B1D-0805-483C-8D47-5054C22DE019}.Release|Any CPU.Build.0 = Release|Any CPU
	EndGlobalSection
	GlobalSection(SolutionProperties) = preSolution
		HideSolutionNode = FALSE
	EndGlobalSection
	GlobalSection(ExtensibilityGlobals) = postSolution
		SolutionGuid = {689C076B-B834-45E6-94D3-5729C7D52A99}
	EndGlobalSection
EndGlobal
